
Microsoft Visual Studio Solution File, Format Version 12.00
# Visual Studio Version 17
VisualStudioVersion = 17.1.32421.90
MinimumVisualStudioVersion = 10.0.40219.1
Project("{9A19103F-16F7-4668-BE54-9A1E7A4F7556}") = "WebApp_UserStatisticsInfo", "WebApp_UserStatisticsInfo\WebApp_UserStatisticsInfo.csproj", "{440B56F9-38F8-47DE-ABE6-8E3FD66F50D2}"
EndProject
Project("{FAE04EC0-301F-11D3-BF4B-00C04F79EFBC}") = "Test_WebApp", "Test_WebApp\Test_WebApp.csproj", "{05DCE1BE-8F5F-45C0-8FFC-F59D00022297}"
EndProject
Global
	GlobalSection(SolutionConfigurationPlatforms) = preSolution
		Debug|Any CPU = Debug|Any CPU
		Release|Any CPU = Release|Any CPU
	EndGlobalSection
	GlobalSection(ProjectConfigurationPlatforms) = postSolution
		{440B56F9-38F8-47DE-ABE6-8E3FD66F50D2}.Debug|Any CPU.ActiveCfg = Debug|Any CPU
		{440B56F9-38F8-47DE-ABE6-8E3FD66F50D2}.Debug|Any CPU.Build.0 = Debug|Any CPU
		{440B56F9-38F8-47DE-ABE6-8E3FD66F50D2}.Release|Any CPU.ActiveCfg = Release|Any CPU
		{440B56F9-38F8-47DE-ABE6-8E3FD66F50D2}.Release|Any CPU.Build.0 = Release|Any CPU
		{05DCE1BE-8F5F-45C0-8FFC-F59D00022297}.Debug|Any CPU.ActiveCfg = Debug|Any CPU
		{05DCE1BE-8F5F-45C0-8FFC-F59D00022297}.Debug|Any CPU.Build.0 = Debug|Any CPU
		{05DCE1BE-8F5F-45C0-8FFC-F59D00022297}.Release|Any CPU.ActiveCfg = Release|Any CPU
		{05DCE1BE-8F5F-45C0-8FFC-F59D00022297}.Release|Any CPU.Build.0 = Release|Any CPU
	EndGlobalSection
	GlobalSection(SolutionProperties) = preSolution
		HideSolutionNode = FALSE
	EndGlobalSection
	GlobalSection(ExtensibilityGlobals) = postSolution
		SolutionGuid = {974179AB-67B7-4F59-9B17-FBBDE189E1F6}
	EndGlobalSection
EndGlobal
